
Microsoft Visual Studio Solution File, Format Version 10.00
# Visual C# Express 2008
Project("{FAE04EC0-301F-11D3-BF4B-00C04F79EFBC}") = "TP JJRD", "TP JJRD\TP JJRD.csproj", "{DEE23AAC-A87D-44E5-8007-24A926CB3FDF}"
EndProject
Global
	GlobalSection(SolutionConfigurationPlatforms) = preSolution
		Debug|Any CPU = Debug|Any CPU
		Release|Any CPU = Release|Any CPU
	EndGlobalSection
	GlobalSection(ProjectConfigurationPlatforms) = postSolution
		{DEE23AAC-A87D-44E5-8007-24A926CB3FDF}.Debug|Any CPU.ActiveCfg = Debug|Any CPU
		{DEE23AAC-A87D-44E5-8007-24A926CB3FDF}.Debug|Any CPU.Build.0 = Debug|Any CPU
		{DEE23AAC-A87D-44E5-8007-24A926CB3FDF}.Release|Any CPU.ActiveCfg = Release|Any CPU
		{DEE23AAC-A87D-44E5-8007-24A926CB3FDF}.Release|Any CPU.Build.0 = Release|Any CPU
	EndGlobalSection
	GlobalSection(SolutionProperties) = preSolution
		HideSolutionNode = FALSE
	EndGlobalSection
EndGlobal
